// !$*UTF8*$!
{
	archiveVersion = 1;
	classes = {
	};
	objectVersion = 56;
	objects = {
		007F801A35D340F0AE1D35CF /* ChallengesListView.swift in Sources */ = {
			isa = PBXBuildFile;
			fileRef = 6F1078D65B32439898DCE86F /* ChallengesListView.swift */;
		};
		01135A7066564E8082C6860C /* SampleDataService.swift */ = {
			isa = PBXFileReference;
			lastKnownFileType = sourcecode.swift;
			path = SampleDataService.swift;
			sourceTree = "<group>";
		};
		01B8D73455894FE5908B20FF /* Coordinators */ = {
			isa = PBXGroup;
			children = (
				E640CCED7C5E40DFB997467E /* AppCoordinator.swift */,
				B796E5B920224A33BDCE9350 /* ChallengesCoordinator.swift */,
				E66EC9FE123A43E6AB246E47 /* Coordinator.swift */,
				245C0A2DE0A14C93A6AE39F1 /* DailyLogCoordinator.swift */,
				2C8133FEE0CE47B9A26FC64F /* DashboardCoordinator.swift */,
				F9EE89A6A9884BA68E125063 /* InsightsCoordinator.swift */
			);
			path = Coordinators;
			sourceTree = "<group>";
		};
		04619BD076804CA4B0E685BC /* Insights */ = {
			isa = PBXGroup;
			children = (
				9C47BCBD45E04E558856B4E8 /* ViewModels */,
				8B06AD3B39A54BA0B7DFD367 /* Views */
			);
			path = Insights;
			sourceTree = "<group>";
		};
		0529BD1A94644DD09AA3CE18 /* DashboardCoordinator.swift in Sources */ = {
			isa = PBXBuildFile;
			fileRef = 2C8133FEE0CE47B9A26FC64F /* DashboardCoordinator.swift */;
		};
		05B5CB41AA514ECDAD29CC92 /* GenerateInsightsUseCase.swift in Sources */ = {
			isa = PBXBuildFile;
			fileRef = 626F8A83FEF64FC4BBF651F8 /* GenerateInsightsUseCase.swift */;
		};
		05B8909EF1C0493AA7D40FA4 /* GetActiveChallengesUseCase.swift */ = {
			isa = PBXFileReference;
			lastKnownFileType = sourcecode.swift;
			path = GetActiveChallengesUseCase.swift;
			sourceTree = "<group>";
		};
		05DCC3A577EA442CA86A63A9 /* Views */ = {
			isa = PBXGroup;
			children = (
				ECCEAA42D3EA4ECDB0872396 /* ChallengeDetailView.swift */,
				9D784148C11642F8AB0A2DC9 /* ChallengesCoordinatorView.swift */,
				6F1078D65B32439898DCE86F /* ChallengesListView.swift */
			);
			path = Views;
			sourceTree = "<group>";
		};
		066FDE4886664E62BF9A56D7 /* GetDailyEntriesUseCase.swift */ = {
			isa = PBXFileReference;
			lastKnownFileType = sourcecode.swift;
			path = GetDailyEntriesUseCase.swift;
			sourceTree = "<group>";
		};
069E3D90D0B74D00AA632214 /* Mappers */ = {
isa = PBXGroup;
children = (
5006C6796E8044E18236B05D /* ChallengeEntityMapper.swift */,
E3703C53716C4564A240A9C1 /* ChallengeDetailEntityMapper.swift */,
FAACD27BA6B34817A9C07FA7 /* DailyEntryEntityMapper.swift */,
289BCFC81E464E61A831A3EC /* MilestoneEntityMapper.swift */,
15BACEDB4D48413AAA282B75 /* ObjectiveEntityMapper.swift */
);
path = Mappers;
sourceTree = "<group>";
};
		0810EF42AAD9477B8A7C88F1 /* CalculateStreakUseCase.swift */ = {
			isa = PBXFileReference;
			lastKnownFileType = sourcecode.swift;
			path = CalculateStreakUseCase.swift;
			sourceTree = "<group>";
		};
		0916A01CEDCD4A41A606838F /* InsightsCoordinatorView.swift in Sources */ = {
			isa = PBXBuildFile;
			fileRef = 986225A9911D4055BA175623 /* InsightsCoordinatorView.swift */;
		};
		0A6213B9F6EC439E93826ECD /* DailyLogView.swift in Sources */ = {
			isa = PBXBuildFile;
			fileRef = 49878F26ADC146D08BE6676E /* DailyLogView.swift */;
		};
		0A9DDC5BF8B54E4592AA4DBA /* Views */ = {
			isa = PBXGroup;
			children = (
				AD60F50A9A67465EB5101D34 /* DailyEntryDetailView.swift */,
				7B9250D1B0734A7D99500546 /* DailyLogCoordinatorView.swift */,
				49878F26ADC146D08BE6676E /* DailyLogView.swift */
			);
			path = Views;
			sourceTree = "<group>";
		};
		0D51336E84A640E5B8A499D5 /* MoodSelectorView.swift in Sources */ = {
			isa = PBXBuildFile;
			fileRef = 976EB563159948C89D74F175 /* MoodSelectorView.swift */;
		};
		0E4983FA70F64630915FD0FA /* ProgressTracker.app */ = {
			isa = PBXFileReference;
			explicitFileType = wrapper.application;
			includeInIndex = 0;
			path = ProgressTracker.app;
			sourceTree = BUILT_PRODUCTS_DIR;
		};
0F0D7637ACA1481881C8415D /* DailyLogCoordinator.swift in Sources */ = {
isa = PBXBuildFile;
fileRef = 245C0A2DE0A14C93A6AE39F1 /* DailyLogCoordinator.swift */;
};
2FF2C5EE097242C3A5FF4FBB /* ChallengeDetailEntity+CoreDataClass.swift in Sources */ = {
isa = PBXBuildFile;
fileRef = 6E769FC7BBFD479C9803D515 /* ChallengeDetailEntity+CoreDataClass.swift */;
};
7AF585BBD5DA45FC93490650 /* ChallengeDetail.swift in Sources */ = {
isa = PBXBuildFile;
fileRef = 1233ADDC93844C6695F33699 /* ChallengeDetail.swift */;
};
1A8E53029A9C4D98BDE2EAA8 /* DailyEntry+Legacy.swift in Sources */ = {
isa = PBXBuildFile;
fileRef = F7725ED04B45483AA7D904AA /* DailyEntry+Legacy.swift */;
};
311CE6ED69A14115B07D904A /* ChallengeDetailEntityMapper.swift in Sources */ = {
isa = PBXBuildFile;
fileRef = E3703C53716C4564A240A9C1 /* ChallengeDetailEntityMapper.swift */;
};
68EA757F78324B43A252E950 /* PhotoStorage.swift in Sources */ = {
isa = PBXBuildFile;
fileRef = 3FA4062F85E945ABBCC5AA36 /* PhotoStorage.swift */;
};
D6D6E59333BD4DF2A9808532 /* CoreDataMigrator.swift in Sources */ = {
isa = PBXBuildFile;
fileRef = 2ECD5F9328624D61813B682A /* CoreDataMigrator.swift */;
};
		0F945671BF024BAB976F5261 /* Milestone.swift */ = {
			isa = PBXFileReference;
			lastKnownFileType = sourcecode.swift;
			path = Milestone.swift;
			sourceTree = "<group>";
		};
		140FF478A2C948089DBA1F30 /* DailyEntryRepository.swift */ = {
			isa = PBXFileReference;
			lastKnownFileType = sourcecode.swift;
			path = DailyEntryRepository.swift;
			sourceTree = "<group>";
		};
		1569326AF3964643909B8213 /* ErrorStateView.swift */ = {
			isa = PBXFileReference;
			lastKnownFileType = sourcecode.swift;
			path = ErrorStateView.swift;
			sourceTree = "<group>";
		};
		15BACEDB4D48413AAA282B75 /* ObjectiveEntityMapper.swift */ = {
			isa = PBXFileReference;
			lastKnownFileType = sourcecode.swift;
			path = ObjectiveEntityMapper.swift;
			sourceTree = "<group>";
		};
		1806D1A7048A49C5A9466F32 /* ProgressTrackerApp.swift in Sources */ = {
			isa = PBXBuildFile;
			fileRef = A788D3A0C1ED48C8967900D0 /* ProgressTrackerApp.swift */;
		};
		18DCB584B4FC432792F80B43 /* SaveChallengeUseCase.swift */ = {
			isa = PBXFileReference;
			lastKnownFileType = sourcecode.swift;
			path = SaveChallengeUseCase.swift;
			sourceTree = "<group>";
		};
		1999D6CB3DE945E2A72A2CB7 /* ChallengeRepository.swift in Sources */ = {
			isa = PBXBuildFile;
			fileRef = E145726E47914E00A6D20697 /* ChallengeRepository.swift */;
		};
		1B23C2FB76334397AFF83527 /* MilestoneEntityMapper.swift in Sources */ = {
			isa = PBXBuildFile;
			fileRef = 289BCFC81E464E61A831A3EC /* MilestoneEntityMapper.swift */;
		};
		1BDBB9D9DF644BFBB6953DE7 /* CoreDataDailyEntryRepository.swift in Sources */ = {
			isa = PBXBuildFile;
			fileRef = DB8CF1AEC188470E8508572B /* CoreDataDailyEntryRepository.swift */;
		};
1E656150BCF043699572466A /* Services */ = {
isa = PBXGroup;
children = (
F99A0185CDF34AD9B8CB7481 /* CoreDataRepositoryError.swift */,
F99E60F7325F469B847612E6 /* CoreDataStack.swift */,
2ECD5F9328624D61813B682A /* CoreDataMigrator.swift */
);
path = Services;
sourceTree = "<group>";
};
		20B614BDBB674B72BF7824C2 /* ErrorStateView.swift in Sources */ = {
			isa = PBXBuildFile;
			fileRef = 1569326AF3964643909B8213 /* ErrorStateView.swift */;
		};
		20F49B91D1364E14B35AD565 /* DashboardView.swift in Sources */ = {
			isa = PBXBuildFile;
			fileRef = AB8E20B242BE46D5835785BF /* DashboardView.swift */;
		};
		216610EE33AE4A3596684D5F /* EmptyStateView.swift in Sources */ = {
			isa = PBXBuildFile;
			fileRef = E401F5BA8F4A4D12B61ACCE7 /* EmptyStateView.swift */;
		};
		245C0A2DE0A14C93A6AE39F1 /* DailyLogCoordinator.swift */ = {
			isa = PBXFileReference;
			lastKnownFileType = sourcecode.swift;
			path = DailyLogCoordinator.swift;
			sourceTree = "<group>";
		};
		257063CD53BE42CA9D90FDCC /* DailyLogViewModel.swift in Sources */ = {
			isa = PBXBuildFile;
			fileRef = FE7E76D653664CDE9DF3E516 /* DailyLogViewModel.swift */;
		};
		289BCFC81E464E61A831A3EC /* MilestoneEntityMapper.swift */ = {
			isa = PBXFileReference;
			lastKnownFileType = sourcecode.swift;
			path = MilestoneEntityMapper.swift;
			sourceTree = "<group>";
		};
		28BA21A9A9D54AB8AEE38FC3 /* Project object */ = {
			isa = PBXProject;
			attributes = {
				BuildIndependentTargetsInParallel = YES;
				LastSwiftUpdateCheck = 1500;
				LastUpgradeCheck = 1500;
				TargetAttributes = {
					A1533CF2057A435DA61F431D = {
						CreatedOnToolsVersion = 15.0;
					};
				};
			};
			buildConfigurationList = 6BF30144F7A44B7A9FD7CAD0 /* Build configuration list for PBXProject "ProgressTracker" */;
			compatibilityVersion = "Xcode 14.0";
			developmentRegion = en;
			hasScannedForEncodings = 0;
			knownRegions = (
				en,
				Base
			);
			mainGroup = 363EADE9254D41169006A6B7;
			productRefGroup = BB247E5EF21D494EB6AE557D /* Products */;
			projectDirPath = "";
			projectRoot = "";
			targets = (
				A1533CF2057A435DA61F431D /* ProgressTracker */
			);
		};
		2BA8265276084874B732FF6E /* CoreDataChallengeRepository.swift in Sources */ = {
			isa = PBXBuildFile;
			fileRef = 4890C96E9AF94D0E8202A09C /* CoreDataChallengeRepository.swift */;
		};
		2C8133FEE0CE47B9A26FC64F /* DashboardCoordinator.swift */ = {
			isa = PBXFileReference;
			lastKnownFileType = sourcecode.swift;
			path = DashboardCoordinator.swift;
			sourceTree = "<group>";
		};
		2C96E88ECD8F4843AD2C85D8 /* LocalNotificationService.swift in Sources */ = {
			isa = PBXBuildFile;
			fileRef = FC736A4146CB4133AC927E34 /* LocalNotificationService.swift */;
		};
		2EFB88C6A68949BB8A9C7E87 /* DailyLogCoordinatorView.swift in Sources */ = {
			isa = PBXBuildFile;
			fileRef = 7B9250D1B0734A7D99500546 /* DailyLogCoordinatorView.swift */;
		};
		3050AE9F6C464BA999756A4D /* InsightsView.swift */ = {
			isa = PBXFileReference;
			lastKnownFileType = sourcecode.swift;
			path = InsightsView.swift;
			sourceTree = "<group>";
		};
35D3490A20C84769A9318816 /* Entities */ = {
isa = PBXGroup;
children = (
9FE3095E89F7404EB59015B4 /* ChallengeEntity+CoreDataClass.swift */,
6E769FC7BBFD479C9803D515 /* ChallengeDetailEntity+CoreDataClass.swift */,
4DA1B398A2B5459B9F820AD5 /* DailyEntryEntity+CoreDataClass.swift */,
AFACFC12EE9F4C709D92ABD6 /* MilestoneEntity+CoreDataClass.swift */,
597186988E7A437386BC6AAB /* ObjectiveEntity+CoreDataClass.swift */
);
path = Entities;
sourceTree = "<group>";
};
		363EADE9254D41169006A6B7 = {
			isa = PBXGroup;
			children = (
				F830BB0CE1634095B6BACD61 /* ProgressTracker */,
				BB247E5EF21D494EB6AE557D /* Products */
			);
			sourceTree = "<group>";
		};
		38DE392D4920419B8E0AB519 /* DailyEntryDetailView.swift in Sources */ = {
			isa = PBXBuildFile;
			fileRef = AD60F50A9A67465EB5101D34 /* DailyEntryDetailView.swift */;
		};
		3A70CBA29953468FBE950054 /* Milestone.swift in Sources */ = {
			isa = PBXBuildFile;
			fileRef = 0F945671BF024BAB976F5261 /* Milestone.swift */;
		};
		3D79C4E2D9DA4B3A9CE29E82 /* GetDailyEntriesUseCase.swift in Sources */ = {
			isa = PBXBuildFile;
			fileRef = 066FDE4886664E62BF9A56D7 /* GetDailyEntriesUseCase.swift */;
		};
		3FC8D33297B748059EE1A94C /* ChallengeDetailViewModel.swift */ = {
			isa = PBXFileReference;
			lastKnownFileType = sourcecode.swift;
			path = ChallengeDetailViewModel.swift;
			sourceTree = "<group>";
		};
		470FF14521F7447B8F8572A4 /* ProgressSummaryCard.swift */ = {
			isa = PBXFileReference;
			lastKnownFileType = sourcecode.swift;
			path = ProgressSummaryCard.swift;
			sourceTree = "<group>";
		};
		4890C96E9AF94D0E8202A09C /* CoreDataChallengeRepository.swift */ = {
			isa = PBXFileReference;
			lastKnownFileType = sourcecode.swift;
			path = CoreDataChallengeRepository.swift;
			sourceTree = "<group>";
		};
		48B8834320A44BE69B6E98F5 /* CoreDataStack.swift in Sources */ = {
			isa = PBXBuildFile;
			fileRef = F99E60F7325F469B847612E6 /* CoreDataStack.swift */;
		};
		49878F26ADC146D08BE6676E /* DailyLogView.swift */ = {
			isa = PBXFileReference;
			lastKnownFileType = sourcecode.swift;
			path = DailyLogView.swift;
			sourceTree = "<group>";
		};
		4BE0C4689A174AEB803211B7 /* ProgressSummaryCard.swift in Sources */ = {
			isa = PBXBuildFile;
			fileRef = 470FF14521F7447B8F8572A4 /* ProgressSummaryCard.swift */;
		};
		4D7716616EDA4304AAD81FB0 /* InsightsView.swift in Sources */ = {
			isa = PBXBuildFile;
			fileRef = 3050AE9F6C464BA999756A4D /* InsightsView.swift */;
		};
		4DA1B398A2B5459B9F820AD5 /* DailyEntryEntity+CoreDataClass.swift */ = {
			isa = PBXFileReference;
			lastKnownFileType = sourcecode.swift;
			path = "DailyEntryEntity+CoreDataClass.swift";
			sourceTree = "<group>";
		};
		4EC853273A044B8FB0DD626D /* GetChallengesUseCase.swift in Sources */ = {
			isa = PBXBuildFile;
			fileRef = AF507C61174B41A58308BC56 /* GetChallengesUseCase.swift */;
		};
		5006C6796E8044E18236B05D /* ChallengeEntityMapper.swift */ = {
			isa = PBXFileReference;
			lastKnownFileType = sourcecode.swift;
			path = ChallengeEntityMapper.swift;
			sourceTree = "<group>";
		};
		51375158B1F64D3683E7EBA0 /* Data */ = {
			isa = PBXGroup;
			children = (
				C06FCD07B5FD4E3CB1369D20 /* CoreData */,
				A98CBCBF77174CBB8C922F6C /* Services */
			);
			path = Data;
			sourceTree = "<group>";
		};
		51F2B08EF64A4E62AF7D5B07 /* Build configuration list for PBXNativeTarget "ProgressTracker" */ = {
			isa = XCConfigurationList;
			buildConfigurations = (
				B656544D19834C79AEDC88FA /* Debug */,
				6951BEE4C79A47F39470FD9B /* Release */
			);
			defaultConfigurationIsVisible = 0;
			defaultConfigurationName = Release;
		};
		52F7B8D6DBC9413EA873856F /* ChallengeEntity+CoreDataClass.swift in Sources */ = {
			isa = PBXBuildFile;
			fileRef = 9FE3095E89F7404EB59015B4 /* ChallengeEntity+CoreDataClass.swift */;
		};
		53D8D83D4C8E4158861F0832 /* DashboardCoordinatorView.swift in Sources */ = {
			isa = PBXBuildFile;
			fileRef = 8FD768683D8D49889D9E1D20 /* DashboardCoordinatorView.swift */;
		};
		557ED1C2569B4F1BAADEF1C2 /* ChallengesCoordinatorView.swift in Sources */ = {
			isa = PBXBuildFile;
			fileRef = 9D784148C11642F8AB0A2DC9 /* ChallengesCoordinatorView.swift */;
		};
		584E1B58BCF74276B9D1F2A9 /* ChallengeDetailViewModel.swift in Sources */ = {
			isa = PBXBuildFile;
			fileRef = 3FC8D33297B748059EE1A94C /* ChallengeDetailViewModel.swift */;
		};
597186988E7A437386BC6AAB /* ObjectiveEntity+CoreDataClass.swift */ = {
isa = PBXFileReference;
lastKnownFileType = sourcecode.swift;
path = "ObjectiveEntity+CoreDataClass.swift";
sourceTree = "<group>";
};
6E769FC7BBFD479C9803D515 /* ChallengeDetailEntity+CoreDataClass.swift */ = {
isa = PBXFileReference;
lastKnownFileType = sourcecode.swift;
path = "ChallengeDetailEntity+CoreDataClass.swift";
sourceTree = "<group>";
};
1233ADDC93844C6695F33699 /* ChallengeDetail.swift */ = {
isa = PBXFileReference;
lastKnownFileType = sourcecode.swift;
path = ChallengeDetail.swift;
sourceTree = "<group>";
};
F7725ED04B45483AA7D904AA /* DailyEntry+Legacy.swift */ = {
isa = PBXFileReference;
lastKnownFileType = sourcecode.swift;
path = "DailyEntry+Legacy.swift";
sourceTree = "<group>";
};
E3703C53716C4564A240A9C1 /* ChallengeDetailEntityMapper.swift */ = {
isa = PBXFileReference;
lastKnownFileType = sourcecode.swift;
path = ChallengeDetailEntityMapper.swift;
sourceTree = "<group>";
};
3FA4062F85E945ABBCC5AA36 /* PhotoStorage.swift */ = {
isa = PBXFileReference;
lastKnownFileType = sourcecode.swift;
path = PhotoStorage.swift;
sourceTree = "<group>";
};
2ECD5F9328624D61813B682A /* CoreDataMigrator.swift */ = {
isa = PBXFileReference;
lastKnownFileType = sourcecode.swift;
path = CoreDataMigrator.swift;
sourceTree = "<group>";
};
		5A3FAC245CD444C681DCFEC5 /* InsightsViewModel.swift in Sources */ = {
			isa = PBXBuildFile;
			fileRef = 92DDD8B1BFB94D4B99830299 /* InsightsViewModel.swift */;
		};
5DE9DFC2940440BC802529D0 /* Debug */ = {
			isa = XCBuildConfiguration;
			buildSettings = {
				ALWAYS_SEARCH_USER_PATHS = NO;
				CLANG_ANALYZER_LOCALIZABILITY_NONLOCALIZED = YES;
				CLANG_WARN_QUOTED_INCLUDE_IN_FRAMEWORK_HEADER = YES;
				CODE_SIGN_STYLE = Automatic;
				COPY_PHASE_STRIP = NO;
				DEBUG_INFORMATION_FORMAT = dwarf;
				ENABLE_STRICT_OBJC_MSGSEND = YES;
				GCC_NO_COMMON_BLOCKS = YES;
				GCC_WARN_64_TO_32_BIT_CONVERSION = YES;
				GCC_WARN_ABOUT_RETURN_TYPE = YES_ERROR;
				GCC_WARN_UNDECLARED_SELECTOR = YES;
				GCC_WARN_UNINITIALIZED_AUTOS = YES_AGGRESSIVE;
				GCC_WARN_UNUSED_FUNCTION = YES;
				GCC_WARN_UNUSED_VARIABLE = YES;
				ONLY_ACTIVE_ARCH = YES;
				SWIFT_ACTIVE_COMPILATION_CONDITIONS = DEBUG;
				SWIFT_OPTIMIZATION_LEVEL = "-Onone";
			};
			name = Debug;
		};
		5DFB3CF868404A7AAAE5CDA6 /* DeleteDailyEntryUseCase.swift in Sources */ = {
			isa = PBXBuildFile;
			fileRef = C01E23E4C36B4552810A5BE7 /* DeleteDailyEntryUseCase.swift */;
		};
		607A7808B4434B768AFFAC2C /* Views */ = {
			isa = PBXGroup;
			children = (
				8FD768683D8D49889D9E1D20 /* DashboardCoordinatorView.swift */,
				AB8E20B242BE46D5835785BF /* DashboardView.swift */
			);
			path = Views;
			sourceTree = "<group>";
		};
		626F8A83FEF64FC4BBF651F8 /* GenerateInsightsUseCase.swift */ = {
			isa = PBXFileReference;
			lastKnownFileType = sourcecode.swift;
			path = GenerateInsightsUseCase.swift;
			sourceTree = "<group>";
		};
		6344B43AD3B34C83885798DB /* LoadingStateView.swift */ = {
			isa = PBXFileReference;
			lastKnownFileType = sourcecode.swift;
			path = LoadingStateView.swift;
			sourceTree = "<group>";
		};
		63D61D6B6FB243E9850C1BFA /* ChallengeEntityMapper.swift in Sources */ = {
			isa = PBXBuildFile;
			fileRef = 5006C6796E8044E18236B05D /* ChallengeEntityMapper.swift */;
		};
		685509B9A3B642A1BE248B0B /* CalculateStreakUseCase.swift in Sources */ = {
			isa = PBXBuildFile;
			fileRef = 0810EF42AAD9477B8A7C88F1 /* CalculateStreakUseCase.swift */;
		};
		6951BEE4C79A47F39470FD9B /* Release */ = {
			isa = XCBuildConfiguration;
			buildSettings = {
				ASSETCATALOG_COMPILER_APPICON_NAME = AppIcon;
				CODE_SIGN_STYLE = Automatic;
				CURRENT_PROJECT_VERSION = 1;
				DEVELOPMENT_TEAM = "";
				GENERATE_INFOPLIST_FILE = YES;
				INFOPLIST_KEY_UIApplicationSupportsIndirectInputEvents = YES;
				INFOPLIST_KEY_UILaunchScreen_Generation = YES;
				INFOPLIST_KEY_UIStatusBarStyle = UIStatusBarStyleDefault;
				IPHONEOS_DEPLOYMENT_TARGET = 16.0;
				LD_RUNPATH_SEARCH_PATHS = (
					"$(inherited)",
					"@executable_path/Frameworks",
				);
				MARKETING_VERSION = 1.0;
				PRODUCT_BUNDLE_IDENTIFIER = com.example.ProgressTracker;
				PRODUCT_NAME = "$(TARGET_NAME)";
				SDKROOT = iphoneos;
				SWIFT_EMIT_LOC_STRINGS = YES;
				SWIFT_VERSION = 5.0;
				TARGETED_DEVICE_FAMILY = "1,2";
			};
			name = Release;
		};
		6BF30144F7A44B7A9FD7CAD0 /* Build configuration list for PBXProject "ProgressTracker" */ = {
			isa = XCConfigurationList;
			buildConfigurations = (
				5DE9DFC2940440BC802529D0 /* Debug */,
				D23D3CA15D4A4FFEB902051A /* Release */
			);
			defaultConfigurationIsVisible = 0;
			defaultConfigurationName = Release;
		};
		6D2D8DFA6D624299B5D8EE30 /* ChallengesCoordinator.swift in Sources */ = {
			isa = PBXBuildFile;
			fileRef = B796E5B920224A33BDCE9350 /* ChallengesCoordinator.swift */;
		};
		6F1078D65B32439898DCE86F /* ChallengesListView.swift */ = {
			isa = PBXFileReference;
			lastKnownFileType = sourcecode.swift;
			path = ChallengesListView.swift;
			sourceTree = "<group>";
		};
		6F36237DE5B24C0EBD4E54D2 /* Sources */ = {
			isa = PBXSourcesBuildPhase;
			buildActionMask = 2147483647;
files = (
E38B86EBBBB445D59336E7FB /* AppCoordinator.swift in Sources */,
685509B9A3B642A1BE248B0B /* CalculateStreakUseCase.swift in Sources */,
D666A702D15D43F59EF56B26 /* Challenge.swift in Sources */,
7AF585BBD5DA45FC93490650 /* ChallengeDetail.swift in Sources */,
86323082F1284E3E86986175 /* ChallengeDetailView.swift in Sources */,
				584E1B58BCF74276B9D1F2A9 /* ChallengeDetailViewModel.swift in Sources */,
52F7B8D6DBC9413EA873856F /* ChallengeEntity+CoreDataClass.swift in Sources */,
2FF2C5EE097242C3A5FF4FBB /* ChallengeDetailEntity+CoreDataClass.swift in Sources */,
63D61D6B6FB243E9850C1BFA /* ChallengeEntityMapper.swift in Sources */,
				1999D6CB3DE945E2A72A2CB7 /* ChallengeRepository.swift in Sources */,
				6D2D8DFA6D624299B5D8EE30 /* ChallengesCoordinator.swift in Sources */,
				557ED1C2569B4F1BAADEF1C2 /* ChallengesCoordinatorView.swift in Sources */,
				007F801A35D340F0AE1D35CF /* ChallengesListView.swift in Sources */,
				7749B46BE4394BA5A94AA1A6 /* ChallengesListViewModel.swift in Sources */,
				F172365CCF4742B8A69E16D2 /* Coordinator.swift in Sources */,
2BA8265276084874B732FF6E /* CoreDataChallengeRepository.swift in Sources */,
1BDBB9D9DF644BFBB6953DE7 /* CoreDataDailyEntryRepository.swift in Sources */,
68EA757F78324B43A252E950 /* PhotoStorage.swift in Sources */,
E22E8BB330DF47B6BEFE4848 /* CoreDataRepositoryError.swift in Sources */,
48B8834320A44BE69B6E98F5 /* CoreDataStack.swift in Sources */,
D6D6E59333BD4DF2A9808532 /* CoreDataMigrator.swift in Sources */,
8AC0D3F1DE2C425DA2C7613B /* DailyEntry.swift in Sources */,
1A8E53029A9C4D98BDE2EAA8 /* DailyEntry+Legacy.swift in Sources */,
				38DE392D4920419B8E0AB519 /* DailyEntryDetailView.swift in Sources */,
				B715756FE7D24181AC77B94D /* DailyEntryEntity+CoreDataClass.swift in Sources */,
7C61390DAA2B4B56B254B306 /* DailyEntryEntityMapper.swift in Sources */,
311CE6ED69A14115B07D904A /* ChallengeDetailEntityMapper.swift in Sources */,
				C0B8121331574E4EA45083DB /* DailyEntryRepository.swift in Sources */,
				0F0D7637ACA1481881C8415D /* DailyLogCoordinator.swift in Sources */,
				2EFB88C6A68949BB8A9C7E87 /* DailyLogCoordinatorView.swift in Sources */,
				0A6213B9F6EC439E93826ECD /* DailyLogView.swift in Sources */,
				257063CD53BE42CA9D90FDCC /* DailyLogViewModel.swift in Sources */,
				0529BD1A94644DD09AA3CE18 /* DashboardCoordinator.swift in Sources */,
				53D8D83D4C8E4158861F0832 /* DashboardCoordinatorView.swift in Sources */,
				20F49B91D1364E14B35AD565 /* DashboardView.swift in Sources */,
				C595909E914149C9987483F2 /* DashboardViewModel.swift in Sources */,
				5DFB3CF868404A7AAAE5CDA6 /* DeleteDailyEntryUseCase.swift in Sources */,
				91D0419557434664BA81F2A3 /* DependencyContainer.swift in Sources */,
				216610EE33AE4A3596684D5F /* EmptyStateView.swift in Sources */,
				20B614BDBB674B72BF7824C2 /* ErrorStateView.swift in Sources */,
				05B5CB41AA514ECDAD29CC92 /* GenerateInsightsUseCase.swift in Sources */,
				8C4842957460449F9528D772 /* GetActiveChallengesUseCase.swift in Sources */,
				4EC853273A044B8FB0DD626D /* GetChallengesUseCase.swift in Sources */,
				3D79C4E2D9DA4B3A9CE29E82 /* GetDailyEntriesUseCase.swift in Sources */,
				C36E7CBB52074F519EE37086 /* InsightsCoordinator.swift in Sources */,
				0916A01CEDCD4A41A606838F /* InsightsCoordinatorView.swift in Sources */,
				4D7716616EDA4304AAD81FB0 /* InsightsView.swift in Sources */,
				5A3FAC245CD444C681DCFEC5 /* InsightsViewModel.swift in Sources */,
				6FF4EF99296E44C2AD1F0488 /* LoadingStateView.swift in Sources */,
				2C96E88ECD8F4843AD2C85D8 /* LocalNotificationService.swift in Sources */,
				3A70CBA29953468FBE950054 /* Milestone.swift in Sources */,
				9FD336696F5C40AFA271D92C /* MilestoneEntity+CoreDataClass.swift in Sources */,
				1B23C2FB76334397AFF83527 /* MilestoneEntityMapper.swift in Sources */,
				A7EEC06F42D942F08D8CE6D4 /* Mood.swift in Sources */,
				0D51336E84A640E5B8A499D5 /* MoodSelectorView.swift in Sources */,
				A5D98A6A7A8648089BFF3391 /* Objective.swift in Sources */,
				CC86E13B5B8A464DA9DE790E /* ObjectiveEntity+CoreDataClass.swift in Sources */,
				A78E5CF4C0B9459E954EE51E /* ObjectiveEntityMapper.swift in Sources */,
				4BE0C4689A174AEB803211B7 /* ProgressSummaryCard.swift in Sources */,
				1806D1A7048A49C5A9466F32 /* ProgressTrackerApp.swift in Sources */,
				73D7E687BEBC4628B54EF16B /* SampleDataService.swift in Sources */,
				7B9B3278538A48D0968780C2 /* SaveChallengeUseCase.swift in Sources */,
				8C0DBB0646C245F58D3EE764 /* SaveDailyEntryUseCase.swift in Sources */
			);
			runOnlyForDeploymentPostprocessing = 0;
		};
		6FF4EF99296E44C2AD1F0488 /* LoadingStateView.swift in Sources */ = {
			isa = PBXBuildFile;
			fileRef = 6344B43AD3B34C83885798DB /* LoadingStateView.swift */;
		};
		73D7E687BEBC4628B54EF16B /* SampleDataService.swift in Sources */ = {
			isa = PBXBuildFile;
			fileRef = 01135A7066564E8082C6860C /* SampleDataService.swift */;
		};
		7749B46BE4394BA5A94AA1A6 /* ChallengesListViewModel.swift in Sources */ = {
			isa = PBXBuildFile;
			fileRef = EB39A566651A432590C8357A /* ChallengesListViewModel.swift */;
		};
		7B9250D1B0734A7D99500546 /* DailyLogCoordinatorView.swift */ = {
			isa = PBXFileReference;
			lastKnownFileType = sourcecode.swift;
			path = DailyLogCoordinatorView.swift;
			sourceTree = "<group>";
		};
		7B9B3278538A48D0968780C2 /* SaveChallengeUseCase.swift in Sources */ = {
			isa = PBXBuildFile;
			fileRef = 18DCB584B4FC432792F80B43 /* SaveChallengeUseCase.swift */;
		};
		7C61390DAA2B4B56B254B306 /* DailyEntryEntityMapper.swift in Sources */ = {
			isa = PBXBuildFile;
			fileRef = FAACD27BA6B34817A9C07FA7 /* DailyEntryEntityMapper.swift */;
		};
		7E1A5249D7504986AB559FB2 /* Challenges */ = {
			isa = PBXGroup;
			children = (
				A9831F9F3DDB4F6189583D71 /* ViewModels */,
				05DCC3A577EA442CA86A63A9 /* Views */
			);
			path = Challenges;
			sourceTree = "<group>";
		};
		86323082F1284E3E86986175 /* ChallengeDetailView.swift in Sources */ = {
			isa = PBXBuildFile;
			fileRef = ECCEAA42D3EA4ECDB0872396 /* ChallengeDetailView.swift */;
		};
		8716F175C2E74B5880046BFB /* ProgressTrackerModel.xcdatamodel */ = {
			isa = PBXFileReference;
			lastKnownFileType = wrapper.xcdatamodel;
			path = ProgressTrackerModel.xcdatamodel;
			sourceTree = "<group>";
		};
		88C55C534A994F189A853E5A /* Repositories */ = {
			isa = PBXGroup;
			children = (
				4890C96E9AF94D0E8202A09C /* CoreDataChallengeRepository.swift */,
				DB8CF1AEC188470E8508572B /* CoreDataDailyEntryRepository.swift */
			);
			path = Repositories;
			sourceTree = "<group>";
		};
8ABF8773B0EC49D2AF671984 /* Entities */ = {
isa = PBXGroup;
children = (
D78953EC97E945E6ADCB3D40 /* Challenge.swift */,
1233ADDC93844C6695F33699 /* ChallengeDetail.swift */,
ECEBA67E55ED465EB3D96E63 /* DailyEntry.swift */,
F7725ED04B45483AA7D904AA /* DailyEntry+Legacy.swift */,
0F945671BF024BAB976F5261 /* Milestone.swift */,
C2C947802F0544D38BB343DE /* Mood.swift */,
AE679248E2C14D95A901868E /* Objective.swift */
);
path = Entities;
sourceTree = "<group>";
};
		8AC0D3F1DE2C425DA2C7613B /* DailyEntry.swift in Sources */ = {
			isa = PBXBuildFile;
			fileRef = ECEBA67E55ED465EB3D96E63 /* DailyEntry.swift */;
		};
		8B06AD3B39A54BA0B7DFD367 /* Views */ = {
			isa = PBXGroup;
			children = (
				986225A9911D4055BA175623 /* InsightsCoordinatorView.swift */,
				3050AE9F6C464BA999756A4D /* InsightsView.swift */
			);
			path = Views;
			sourceTree = "<group>";
		};
		8C0DBB0646C245F58D3EE764 /* SaveDailyEntryUseCase.swift in Sources */ = {
			isa = PBXBuildFile;
			fileRef = 91C79D7CAF8346ABBFD2166E /* SaveDailyEntryUseCase.swift */;
		};
		8C4842957460449F9528D772 /* GetActiveChallengesUseCase.swift in Sources */ = {
			isa = PBXBuildFile;
			fileRef = 05B8909EF1C0493AA7D40FA4 /* GetActiveChallengesUseCase.swift */;
		};
		8D89BEBDC02549BB8C4A1EE3 /* ViewModels */ = {
			isa = PBXGroup;
			children = (
				FE7E76D653664CDE9DF3E516 /* DailyLogViewModel.swift */
			);
			path = ViewModels;
			sourceTree = "<group>";
		};
		8FD768683D8D49889D9E1D20 /* DashboardCoordinatorView.swift */ = {
			isa = PBXFileReference;
			lastKnownFileType = sourcecode.swift;
			path = DashboardCoordinatorView.swift;
			sourceTree = "<group>";
		};
		91C79D7CAF8346ABBFD2166E /* SaveDailyEntryUseCase.swift */ = {
			isa = PBXFileReference;
			lastKnownFileType = sourcecode.swift;
			path = SaveDailyEntryUseCase.swift;
			sourceTree = "<group>";
		};
		91D0419557434664BA81F2A3 /* DependencyContainer.swift in Sources */ = {
			isa = PBXBuildFile;
			fileRef = BB5CC375895F4C54991D6D17 /* DependencyContainer.swift */;
		};
		92DDD8B1BFB94D4B99830299 /* InsightsViewModel.swift */ = {
			isa = PBXFileReference;
			lastKnownFileType = sourcecode.swift;
			path = InsightsViewModel.swift;
			sourceTree = "<group>";
		};
		976EB563159948C89D74F175 /* MoodSelectorView.swift */ = {
			isa = PBXFileReference;
			lastKnownFileType = sourcecode.swift;
			path = MoodSelectorView.swift;
			sourceTree = "<group>";
		};
		986225A9911D4055BA175623 /* InsightsCoordinatorView.swift */ = {
			isa = PBXFileReference;
			lastKnownFileType = sourcecode.swift;
			path = InsightsCoordinatorView.swift;
			sourceTree = "<group>";
		};
		9C47BCBD45E04E558856B4E8 /* ViewModels */ = {
			isa = PBXGroup;
			children = (
				92DDD8B1BFB94D4B99830299 /* InsightsViewModel.swift */
			);
			path = ViewModels;
			sourceTree = "<group>";
		};
		9D784148C11642F8AB0A2DC9 /* ChallengesCoordinatorView.swift */ = {
			isa = PBXFileReference;
			lastKnownFileType = sourcecode.swift;
			path = ChallengesCoordinatorView.swift;
			sourceTree = "<group>";
		};
		9FD336696F5C40AFA271D92C /* MilestoneEntity+CoreDataClass.swift in Sources */ = {
			isa = PBXBuildFile;
			fileRef = AFACFC12EE9F4C709D92ABD6 /* MilestoneEntity+CoreDataClass.swift */;
		};
		9FE3095E89F7404EB59015B4 /* ChallengeEntity+CoreDataClass.swift */ = {
			isa = PBXFileReference;
			lastKnownFileType = sourcecode.swift;
			path = "ChallengeEntity+CoreDataClass.swift";
			sourceTree = "<group>";
		};
		A1533CF2057A435DA61F431D /* ProgressTracker */ = {
			isa = PBXNativeTarget;
			buildConfigurationList = 51F2B08EF64A4E62AF7D5B07 /* Build configuration list for PBXNativeTarget "ProgressTracker" */;
                       buildPhases = (
                               6F36237DE5B24C0EBD4E54D2 /* Sources */,
                               FBB938ECD09C4B9FB121CCA5 /* Frameworks */,
                               EA9D00CC8D574CD8BC6D2856 /* Resources */
                       );
			buildRules = (
				
			);
			dependencies = (
				
			);
			name = ProgressTracker;
			productName = ProgressTracker;
			productReference = 0E4983FA70F64630915FD0FA /* ProgressTracker.app */;
			productType = "com.apple.product-type.application";
		};
		A5D98A6A7A8648089BFF3391 /* Objective.swift in Sources */ = {
			isa = PBXBuildFile;
			fileRef = AE679248E2C14D95A901868E /* Objective.swift */;
		};
		A788D3A0C1ED48C8967900D0 /* ProgressTrackerApp.swift */ = {
			isa = PBXFileReference;
			lastKnownFileType = sourcecode.swift;
			name = ProgressTrackerApp.swift;
			path = ProgressTracker/ProgressTrackerApp.swift;
			sourceTree = SOURCE_ROOT;
		};
		A78E5CF4C0B9459E954EE51E /* ObjectiveEntityMapper.swift in Sources */ = {
			isa = PBXBuildFile;
			fileRef = 15BACEDB4D48413AAA282B75 /* ObjectiveEntityMapper.swift */;
		};
		A7EEC06F42D942F08D8CE6D4 /* Mood.swift in Sources */ = {
			isa = PBXBuildFile;
			fileRef = C2C947802F0544D38BB343DE /* Mood.swift */;
		};
		A9831F9F3DDB4F6189583D71 /* ViewModels */ = {
			isa = PBXGroup;
			children = (
				3FC8D33297B748059EE1A94C /* ChallengeDetailViewModel.swift */,
				EB39A566651A432590C8357A /* ChallengesListViewModel.swift */
			);
			path = ViewModels;
			sourceTree = "<group>";
		};
		A98CBCBF77174CBB8C922F6C /* Services */ = {
			isa = PBXGroup;
			children = (
				FC736A4146CB4133AC927E34 /* LocalNotificationService.swift */,
				01135A7066564E8082C6860C /* SampleDataService.swift */
			);
			path = Services;
			sourceTree = "<group>";
		};
		AB8E20B242BE46D5835785BF /* DashboardView.swift */ = {
			isa = PBXFileReference;
			lastKnownFileType = sourcecode.swift;
			path = DashboardView.swift;
			sourceTree = "<group>";
		};
		ABC079ED955E4E6F96FD22F0 /* UseCases */ = {
			isa = PBXGroup;
			children = (
				0810EF42AAD9477B8A7C88F1 /* CalculateStreakUseCase.swift */,
				C01E23E4C36B4552810A5BE7 /* DeleteDailyEntryUseCase.swift */,
				626F8A83FEF64FC4BBF651F8 /* GenerateInsightsUseCase.swift */,
				05B8909EF1C0493AA7D40FA4 /* GetActiveChallengesUseCase.swift */,
				AF507C61174B41A58308BC56 /* GetChallengesUseCase.swift */,
				066FDE4886664E62BF9A56D7 /* GetDailyEntriesUseCase.swift */,
				18DCB584B4FC432792F80B43 /* SaveChallengeUseCase.swift */,
				91C79D7CAF8346ABBFD2166E /* SaveDailyEntryUseCase.swift */
			);
			path = UseCases;
			sourceTree = "<group>";
		};
		AD60F50A9A67465EB5101D34 /* DailyEntryDetailView.swift */ = {
			isa = PBXFileReference;
			lastKnownFileType = sourcecode.swift;
			path = DailyEntryDetailView.swift;
			sourceTree = "<group>";
		};
		ADE709817EED407B859AB94F /* ProgressTrackerModel.xcdatamodeld */ = {
			isa = XCVersionGroup;
			children = (
				8716F175C2E74B5880046BFB /* ProgressTrackerModel.xcdatamodel */
			);
			currentVersion = 8716F175C2E74B5880046BFB /* ProgressTrackerModel.xcdatamodel */;
			path = ProgressTrackerModel.xcdatamodeld;
			sourceTree = "<group>";
			versionGroupType = wrapper.xcdatamodel;
		};
		AE679248E2C14D95A901868E /* Objective.swift */ = {
			isa = PBXFileReference;
			lastKnownFileType = sourcecode.swift;
			path = Objective.swift;
			sourceTree = "<group>";
		};
		AF507C61174B41A58308BC56 /* GetChallengesUseCase.swift */ = {
			isa = PBXFileReference;
			lastKnownFileType = sourcecode.swift;
			path = GetChallengesUseCase.swift;
			sourceTree = "<group>";
		};
		AFACFC12EE9F4C709D92ABD6 /* MilestoneEntity+CoreDataClass.swift */ = {
			isa = PBXFileReference;
			lastKnownFileType = sourcecode.swift;
			path = "MilestoneEntity+CoreDataClass.swift";
			sourceTree = "<group>";
		};
		B656544D19834C79AEDC88FA /* Debug */ = {
			isa = XCBuildConfiguration;
			buildSettings = {
				ASSETCATALOG_COMPILER_APPICON_NAME = AppIcon;
				CODE_SIGN_STYLE = Automatic;
				CURRENT_PROJECT_VERSION = 1;
				DEVELOPMENT_TEAM = "";
				GENERATE_INFOPLIST_FILE = YES;
				INFOPLIST_KEY_UIApplicationSupportsIndirectInputEvents = YES;
				INFOPLIST_KEY_UILaunchScreen_Generation = YES;
				INFOPLIST_KEY_UIStatusBarStyle = UIStatusBarStyleDefault;
				IPHONEOS_DEPLOYMENT_TARGET = 16.0;
				LD_RUNPATH_SEARCH_PATHS = (
					"$(inherited)",
					"@executable_path/Frameworks",
				);
				MARKETING_VERSION = 1.0;
				PRODUCT_BUNDLE_IDENTIFIER = com.example.ProgressTracker;
				PRODUCT_NAME = "$(TARGET_NAME)";
				SDKROOT = iphoneos;
				SWIFT_EMIT_LOC_STRINGS = YES;
				SWIFT_VERSION = 5.0;
				TARGETED_DEVICE_FAMILY = "1,2";
			};
			name = Debug;
		};
		B715756FE7D24181AC77B94D /* DailyEntryEntity+CoreDataClass.swift in Sources */ = {
			isa = PBXBuildFile;
			fileRef = 4DA1B398A2B5459B9F820AD5 /* DailyEntryEntity+CoreDataClass.swift */;
		};
		B796E5B920224A33BDCE9350 /* ChallengesCoordinator.swift */ = {
			isa = PBXFileReference;
			lastKnownFileType = sourcecode.swift;
			path = ChallengesCoordinator.swift;
			sourceTree = "<group>";
		};
		B9B80C4879184B5D9922619C /* DailyLog */ = {
			isa = PBXGroup;
			children = (
				8D89BEBDC02549BB8C4A1EE3 /* ViewModels */,
				0A9DDC5BF8B54E4592AA4DBA /* Views */
			);
			path = DailyLog;
			sourceTree = "<group>";
		};
		BB247E5EF21D494EB6AE557D /* Products */ = {
			isa = PBXGroup;
			children = (
				0E4983FA70F64630915FD0FA /* ProgressTracker.app */
			);
			name = Products;
			sourceTree = "<group>";
		};
		BB5CC375895F4C54991D6D17 /* DependencyContainer.swift */ = {
			isa = PBXFileReference;
			lastKnownFileType = sourcecode.swift;
			path = DependencyContainer.swift;
			sourceTree = "<group>";
		};
		C01E23E4C36B4552810A5BE7 /* DeleteDailyEntryUseCase.swift */ = {
			isa = PBXFileReference;
			lastKnownFileType = sourcecode.swift;
			path = DeleteDailyEntryUseCase.swift;
			sourceTree = "<group>";
		};
BAD7D110E90442BE8998ADF0 /* Storage */ = {
isa = PBXGroup;
children = (
3FA4062F85E945ABBCC5AA36 /* PhotoStorage.swift */
);
path = Storage;
sourceTree = "<group>";
};
C06FCD07B5FD4E3CB1369D20 /* CoreData */ = {
isa = PBXGroup;
children = (
35D3490A20C84769A9318816 /* Entities */,
069E3D90D0B74D00AA632214 /* Mappers */,
88C55C534A994F189A853E5A /* Repositories */,
BAD7D110E90442BE8998ADF0 /* Storage */,
1E656150BCF043699572466A /* Services */
);
path = CoreData;
sourceTree = "<group>";
};
		C0B8121331574E4EA45083DB /* DailyEntryRepository.swift in Sources */ = {
			isa = PBXBuildFile;
			fileRef = 140FF478A2C948089DBA1F30 /* DailyEntryRepository.swift */;
		};
		C2C947802F0544D38BB343DE /* Mood.swift */ = {
			isa = PBXFileReference;
			lastKnownFileType = sourcecode.swift;
			path = Mood.swift;
			sourceTree = "<group>";
		};
		C36E7CBB52074F519EE37086 /* InsightsCoordinator.swift in Sources */ = {
			isa = PBXBuildFile;
			fileRef = F9EE89A6A9884BA68E125063 /* InsightsCoordinator.swift */;
		};
		C39CF1887B79430A943EC28B /* Domain */ = {
			isa = PBXGroup;
			children = (
				8ABF8773B0EC49D2AF671984 /* Entities */,
				FC1E016D335547CEBDE334E7 /* Repositories */,
				ABC079ED955E4E6F96FD22F0 /* UseCases */
			);
			path = Domain;
			sourceTree = "<group>";
		};
		C57F1D5188224F27B9DCBD2A /* Presentation */ = {
			isa = PBXGroup;
			children = (
				7E1A5249D7504986AB559FB2 /* Challenges */,
				F9BF530A70784D469FB9EAB9 /* Common */,
				F51B9888A21E4A3FBE1CBB0F /* Components */,
				01B8D73455894FE5908B20FF /* Coordinators */,
				B9B80C4879184B5D9922619C /* DailyLog */,
				F5F802B0415242F0B65BBF65 /* Dashboard */,
				04619BD076804CA4B0E685BC /* Insights */
			);
			path = Presentation;
			sourceTree = "<group>";
		};
		C595909E914149C9987483F2 /* DashboardViewModel.swift in Sources */ = {
			isa = PBXBuildFile;
			fileRef = DD0B6D36707546F4AF2BA217 /* DashboardViewModel.swift */;
		};
		CC86E13B5B8A464DA9DE790E /* ObjectiveEntity+CoreDataClass.swift in Sources */ = {
			isa = PBXBuildFile;
			fileRef = 597186988E7A437386BC6AAB /* ObjectiveEntity+CoreDataClass.swift */;
		};
		D23D3CA15D4A4FFEB902051A /* Release */ = {
			isa = XCBuildConfiguration;
			buildSettings = {
				ALWAYS_SEARCH_USER_PATHS = NO;
				CLANG_ANALYZER_LOCALIZABILITY_NONLOCALIZED = YES;
				CLANG_WARN_QUOTED_INCLUDE_IN_FRAMEWORK_HEADER = YES;
				CODE_SIGN_STYLE = Automatic;
				COPY_PHASE_STRIP = NO;
				DEBUG_INFORMATION_FORMAT = dwarf-with-dsym;
				ENABLE_NS_ASSERTIONS = NO;
				ENABLE_STRICT_OBJC_MSGSEND = YES;
				GCC_NO_COMMON_BLOCKS = YES;
				GCC_WARN_64_TO_32_BIT_CONVERSION = YES;
				GCC_WARN_ABOUT_RETURN_TYPE = YES_ERROR;
				GCC_WARN_UNDECLARED_SELECTOR = YES;
				GCC_WARN_UNINITIALIZED_AUTOS = YES_AGGRESSIVE;
				GCC_WARN_UNUSED_FUNCTION = YES;
				GCC_WARN_UNUSED_VARIABLE = YES;
				SWIFT_COMPILATION_MODE = wholemodule;
				SWIFT_OPTIMIZATION_LEVEL = "-O";
			};
			name = Release;
		};
		D666A702D15D43F59EF56B26 /* Challenge.swift in Sources */ = {
			isa = PBXBuildFile;
			fileRef = D78953EC97E945E6ADCB3D40 /* Challenge.swift */;
		};
		D78953EC97E945E6ADCB3D40 /* Challenge.swift */ = {
			isa = PBXFileReference;
			lastKnownFileType = sourcecode.swift;
			path = Challenge.swift;
			sourceTree = "<group>";
		};
		DB8CF1AEC188470E8508572B /* CoreDataDailyEntryRepository.swift */ = {
			isa = PBXFileReference;
			lastKnownFileType = sourcecode.swift;
			path = CoreDataDailyEntryRepository.swift;
			sourceTree = "<group>";
		};
		DD0B6D36707546F4AF2BA217 /* DashboardViewModel.swift */ = {
			isa = PBXFileReference;
			lastKnownFileType = sourcecode.swift;
			path = DashboardViewModel.swift;
			sourceTree = "<group>";
		};
		DD26E94B9B7E430E99232980 /* ProgressTrackerModel.xcdatamodeld in Resources */ = {
			isa = PBXBuildFile;
			fileRef = ADE709817EED407B859AB94F /* ProgressTrackerModel.xcdatamodeld */;
		};
		E145726E47914E00A6D20697 /* ChallengeRepository.swift */ = {
			isa = PBXFileReference;
			lastKnownFileType = sourcecode.swift;
			path = ChallengeRepository.swift;
			sourceTree = "<group>";
		};
		E22E8BB330DF47B6BEFE4848 /* CoreDataRepositoryError.swift in Sources */ = {
			isa = PBXBuildFile;
			fileRef = F99A0185CDF34AD9B8CB7481 /* CoreDataRepositoryError.swift */;
		};
		E38B86EBBBB445D59336E7FB /* AppCoordinator.swift in Sources */ = {
			isa = PBXBuildFile;
			fileRef = E640CCED7C5E40DFB997467E /* AppCoordinator.swift */;
		};
		E401F5BA8F4A4D12B61ACCE7 /* EmptyStateView.swift */ = {
			isa = PBXFileReference;
			lastKnownFileType = sourcecode.swift;
			path = EmptyStateView.swift;
			sourceTree = "<group>";
		};
		E45152C6A8E849748CD46F73 /* ViewModels */ = {
			isa = PBXGroup;
			children = (
				DD0B6D36707546F4AF2BA217 /* DashboardViewModel.swift */
			);
			path = ViewModels;
			sourceTree = "<group>";
		};
		E640CCED7C5E40DFB997467E /* AppCoordinator.swift */ = {
			isa = PBXFileReference;
			lastKnownFileType = sourcecode.swift;
			path = AppCoordinator.swift;
			sourceTree = "<group>";
		};
		E66EC9FE123A43E6AB246E47 /* Coordinator.swift */ = {
			isa = PBXFileReference;
			lastKnownFileType = sourcecode.swift;
			path = Coordinator.swift;
			sourceTree = "<group>";
		};
		EA9D00CC8D574CD8BC6D2856 /* Resources */ = {
			isa = PBXResourcesBuildPhase;
			buildActionMask = 2147483647;
			files = (
				DD26E94B9B7E430E99232980 /* ProgressTrackerModel.xcdatamodeld in Resources */
			);
			runOnlyForDeploymentPostprocessing = 0;
		};
		EB39A566651A432590C8357A /* ChallengesListViewModel.swift */ = {
			isa = PBXFileReference;
			lastKnownFileType = sourcecode.swift;
			path = ChallengesListViewModel.swift;
			sourceTree = "<group>";
		};
		ECCEAA42D3EA4ECDB0872396 /* ChallengeDetailView.swift */ = {
			isa = PBXFileReference;
			lastKnownFileType = sourcecode.swift;
			path = ChallengeDetailView.swift;
			sourceTree = "<group>";
		};
		ECEBA67E55ED465EB3D96E63 /* DailyEntry.swift */ = {
			isa = PBXFileReference;
			lastKnownFileType = sourcecode.swift;
			path = DailyEntry.swift;
			sourceTree = "<group>";
		};
		F172365CCF4742B8A69E16D2 /* Coordinator.swift in Sources */ = {
			isa = PBXBuildFile;
			fileRef = E66EC9FE123A43E6AB246E47 /* Coordinator.swift */;
		};
		F51B9888A21E4A3FBE1CBB0F /* Components */ = {
			isa = PBXGroup;
			children = (
				E401F5BA8F4A4D12B61ACCE7 /* EmptyStateView.swift */,
				1569326AF3964643909B8213 /* ErrorStateView.swift */,
				6344B43AD3B34C83885798DB /* LoadingStateView.swift */,
				976EB563159948C89D74F175 /* MoodSelectorView.swift */,
				470FF14521F7447B8F8572A4 /* ProgressSummaryCard.swift */
			);
			path = Components;
			sourceTree = "<group>";
		};
		F5F802B0415242F0B65BBF65 /* Dashboard */ = {
			isa = PBXGroup;
			children = (
				E45152C6A8E849748CD46F73 /* ViewModels */,
				607A7808B4434B768AFFAC2C /* Views */
			);
			path = Dashboard;
			sourceTree = "<group>";
		};
		F830BB0CE1634095B6BACD61 /* ProgressTracker */ = {
			isa = PBXGroup;
			children = (
				51375158B1F64D3683E7EBA0 /* Data */,
				C39CF1887B79430A943EC28B /* Domain */,
				C57F1D5188224F27B9DCBD2A /* Presentation */,
				FC122C505E484789ADF12AA1 /* Resources */,
				A788D3A0C1ED48C8967900D0 /* ProgressTrackerApp.swift */
			);
			name = ProgressTracker;
			path = ProgressTracker;
			sourceTree = "<group>";
		};
		F99A0185CDF34AD9B8CB7481 /* CoreDataRepositoryError.swift */ = {
			isa = PBXFileReference;
			lastKnownFileType = sourcecode.swift;
			path = CoreDataRepositoryError.swift;
			sourceTree = "<group>";
		};
		F99E60F7325F469B847612E6 /* CoreDataStack.swift */ = {
			isa = PBXFileReference;
			lastKnownFileType = sourcecode.swift;
			path = CoreDataStack.swift;
			sourceTree = "<group>";
		};
		F9BF530A70784D469FB9EAB9 /* Common */ = {
			isa = PBXGroup;
			children = (
				BB5CC375895F4C54991D6D17 /* DependencyContainer.swift */
			);
			path = Common;
			sourceTree = "<group>";
		};
		F9EE89A6A9884BA68E125063 /* InsightsCoordinator.swift */ = {
			isa = PBXFileReference;
			lastKnownFileType = sourcecode.swift;
			path = InsightsCoordinator.swift;
			sourceTree = "<group>";
		};
		FAACD27BA6B34817A9C07FA7 /* DailyEntryEntityMapper.swift */ = {
			isa = PBXFileReference;
			lastKnownFileType = sourcecode.swift;
			path = DailyEntryEntityMapper.swift;
			sourceTree = "<group>";
		};
		FBB938ECD09C4B9FB121CCA5 /* Frameworks */ = {
			isa = PBXFrameworksBuildPhase;
			buildActionMask = 2147483647;
			files = (
				
			);
			runOnlyForDeploymentPostprocessing = 0;
		};
		FC122C505E484789ADF12AA1 /* Resources */ = {
			isa = PBXGroup;
			children = (
				ADE709817EED407B859AB94F /* ProgressTrackerModel.xcdatamodeld */
			);
			path = Resources;
			sourceTree = "<group>";
		};
		FC1E016D335547CEBDE334E7 /* Repositories */ = {
			isa = PBXGroup;
			children = (
				E145726E47914E00A6D20697 /* ChallengeRepository.swift */,
				140FF478A2C948089DBA1F30 /* DailyEntryRepository.swift */
			);
			path = Repositories;
			sourceTree = "<group>";
		};
		FC736A4146CB4133AC927E34 /* LocalNotificationService.swift */ = {
			isa = PBXFileReference;
			lastKnownFileType = sourcecode.swift;
			path = LocalNotificationService.swift;
			sourceTree = "<group>";
		};
		FE7E76D653664CDE9DF3E516 /* DailyLogViewModel.swift */ = {
			isa = PBXFileReference;
			lastKnownFileType = sourcecode.swift;
			path = DailyLogViewModel.swift;
			sourceTree = "<group>";
		};
	};
	rootObject = 28BA21A9A9D54AB8AEE38FC3 /* Project object */;
}
